
Microsoft Visual Studio Solution File, Format Version 12.00
# Visual Studio Version 17
VisualStudioVersion = 17.4.33122.133
MinimumVisualStudioVersion = 10.0.40219.1
Project("{9A19103F-16F7-4668-BE54-9A1E7A4F7556}") = "GestaoDeProdutos.Api", "GestaoDeProdutos.Api\GestaoDeProdutos.Api.csproj", "{18CE9E44-F04F-4BFA-97D5-8D605CB1595E}"
EndProject
Project("{2150E333-8FDC-42A3-9474-1A3956D46DE8}") = "DDD - Domain Driven Design", "DDD - Domain Driven Design", "{43E59C9C-64BA-4647-BF78-99575DC7F2A9}"
EndProject
Project("{2150E333-8FDC-42A3-9474-1A3956D46DE8}") = "TDD", "TDD", "{FB0DB683-711E-4645-8A0B-1736260E7C86}"
EndProject
Project("{2150E333-8FDC-42A3-9474-1A3956D46DE8}") = "API REST", "API REST", "{8C4A4994-0801-4E4A-B36D-419784F9D2AE}"
EndProject
Project("{2150E333-8FDC-42A3-9474-1A3956D46DE8}") = "1 - Application", "1 - Application", "{F9BEDCDF-07DC-45E7-A051-695079BBBE00}"
EndProject
Project("{2150E333-8FDC-42A3-9474-1A3956D46DE8}") = "2 - Domain", "2 - Domain", "{531E4ADF-CD4B-4FD7-B1DB-A262D8DEB508}"
EndProject
Project("{2150E333-8FDC-42A3-9474-1A3956D46DE8}") = "3 - Infrastructure", "3 - Infrastructure", "{BDA8CF56-1C9E-4032-AC76-E8CA9CEB1279}"
EndProject
Project("{2150E333-8FDC-42A3-9474-1A3956D46DE8}") = "1 - Testes de Integração", "1 - Testes de Integração", "{6B9AEE2D-9B4B-4C93-AD74-755EEF6F5790}"
EndProject
Project("{2150E333-8FDC-42A3-9474-1A3956D46DE8}") = "2 - Testes Unitários", "2 - Testes Unitários", "{4FC95540-FAAE-46CF-9528-76462D7FE68F}"
EndProject
Project("{FAE04EC0-301F-11D3-BF4B-00C04F79EFBC}") = "GestaoProdutos.Application", "GestaoProdutos.Application\GestaoProdutos.Application.csproj", "{1F6A3D78-FCC2-4210-A953-3CF2778A9307}"
EndProject
Project("{FAE04EC0-301F-11D3-BF4B-00C04F79EFBC}") = "GestaoProdutos.Domain.Core", "GestaoProdutos.Domain.Core\GestaoProdutos.Domain.Core.csproj", "{E62F8FFF-4352-4F14-A57E-2D28B22418D4}"
EndProject
Project("{FAE04EC0-301F-11D3-BF4B-00C04F79EFBC}") = "GestaoProdutos.Domain", "GestaoProdutos.Domain\GestaoProdutos.Domain.csproj", "{2FAB3313-25DA-441C-AFC7-A0ABCA13A41D}"
EndProject
Project("{FAE04EC0-301F-11D3-BF4B-00C04F79EFBC}") = "GestaoProdutos.Tests.Unit", "GestaoProdutos.Tests.Unit\GestaoProdutos.Tests.Unit.csproj", "{CDEB35AD-74C8-46A3-ADA0-DD026BCDF459}"
EndProject
Project("{FAE04EC0-301F-11D3-BF4B-00C04F79EFBC}") = "GestaoProdutos.Tests.Integration", "GestaoProdutos.Tests.Integration\GestaoProdutos.Tests.Integration.csproj", "{CD294036-EF1F-4771-9C39-7350AD1FAB73}"
EndProject
Global
	GlobalSection(SolutionConfigurationPlatforms) = preSolution
		Debug|Any CPU = Debug|Any CPU
		Release|Any CPU = Release|Any CPU
	EndGlobalSection
	GlobalSection(ProjectConfigurationPlatforms) = postSolution
		{18CE9E44-F04F-4BFA-97D5-8D605CB1595E}.Debug|Any CPU.ActiveCfg = Debug|Any CPU
		{18CE9E44-F04F-4BFA-97D5-8D605CB1595E}.Debug|Any CPU.Build.0 = Debug|Any CPU
		{18CE9E44-F04F-4BFA-97D5-8D605CB1595E}.Release|Any CPU.ActiveCfg = Release|Any CPU
		{18CE9E44-F04F-4BFA-97D5-8D605CB1595E}.Release|Any CPU.Build.0 = Release|Any CPU
		{1F6A3D78-FCC2-4210-A953-3CF2778A9307}.Debug|Any CPU.ActiveCfg = Debug|Any CPU
		{1F6A3D78-FCC2-4210-A953-3CF2778A9307}.Debug|Any CPU.Build.0 = Debug|Any CPU
		{1F6A3D78-FCC2-4210-A953-3CF2778A9307}.Release|Any CPU.ActiveCfg = Release|Any CPU
		{1F6A3D78-FCC2-4210-A953-3CF2778A9307}.Release|Any CPU.Build.0 = Release|Any CPU
		{E62F8FFF-4352-4F14-A57E-2D28B22418D4}.Debug|Any CPU.ActiveCfg = Debug|Any CPU
		{E62F8FFF-4352-4F14-A57E-2D28B22418D4}.Debug|Any CPU.Build.0 = Debug|Any CPU
		{E62F8FFF-4352-4F14-A57E-2D28B22418D4}.Release|Any CPU.ActiveCfg = Release|Any CPU
		{E62F8FFF-4352-4F14-A57E-2D28B22418D4}.Release|Any CPU.Build.0 = Release|Any CPU
		{2FAB3313-25DA-441C-AFC7-A0ABCA13A41D}.Debug|Any CPU.ActiveCfg = Debug|Any CPU
		{2FAB3313-25DA-441C-AFC7-A0ABCA13A41D}.Debug|Any CPU.Build.0 = Debug|Any CPU
		{2FAB3313-25DA-441C-AFC7-A0ABCA13A41D}.Release|Any CPU.ActiveCfg = Release|Any CPU
		{2FAB3313-25DA-441C-AFC7-A0ABCA13A41D}.Release|Any CPU.Build.0 = Release|Any CPU
		{CDEB35AD-74C8-46A3-ADA0-DD026BCDF459}.Debug|Any CPU.ActiveCfg = Debug|Any CPU
		{CDEB35AD-74C8-46A3-ADA0-DD026BCDF459}.Debug|Any CPU.Build.0 = Debug|Any CPU
		{CDEB35AD-74C8-46A3-ADA0-DD026BCDF459}.Release|Any CPU.ActiveCfg = Release|Any CPU
		{CDEB35AD-74C8-46A3-ADA0-DD026BCDF459}.Release|Any CPU.Build.0 = Release|Any CPU
		{CD294036-EF1F-4771-9C39-7350AD1FAB73}.Debug|Any CPU.ActiveCfg = Debug|Any CPU
		{CD294036-EF1F-4771-9C39-7350AD1FAB73}.Debug|Any CPU.Build.0 = Debug|Any CPU
		{CD294036-EF1F-4771-9C39-7350AD1FAB73}.Release|Any CPU.ActiveCfg = Release|Any CPU
		{CD294036-EF1F-4771-9C39-7350AD1FAB73}.Release|Any CPU.Build.0 = Release|Any CPU
	EndGlobalSection
	GlobalSection(SolutionProperties) = preSolution
		HideSolutionNode = FALSE
	EndGlobalSection
	GlobalSection(NestedProjects) = preSolution
		{18CE9E44-F04F-4BFA-97D5-8D605CB1595E} = {8C4A4994-0801-4E4A-B36D-419784F9D2AE}
		{F9BEDCDF-07DC-45E7-A051-695079BBBE00} = {43E59C9C-64BA-4647-BF78-99575DC7F2A9}
		{531E4ADF-CD4B-4FD7-B1DB-A262D8DEB508} = {43E59C9C-64BA-4647-BF78-99575DC7F2A9}
		{BDA8CF56-1C9E-4032-AC76-E8CA9CEB1279} = {43E59C9C-64BA-4647-BF78-99575DC7F2A9}
		{6B9AEE2D-9B4B-4C93-AD74-755EEF6F5790} = {FB0DB683-711E-4645-8A0B-1736260E7C86}
		{4FC95540-FAAE-46CF-9528-76462D7FE68F} = {FB0DB683-711E-4645-8A0B-1736260E7C86}
		{1F6A3D78-FCC2-4210-A953-3CF2778A9307} = {F9BEDCDF-07DC-45E7-A051-695079BBBE00}
		{E62F8FFF-4352-4F14-A57E-2D28B22418D4} = {531E4ADF-CD4B-4FD7-B1DB-A262D8DEB508}
		{2FAB3313-25DA-441C-AFC7-A0ABCA13A41D} = {531E4ADF-CD4B-4FD7-B1DB-A262D8DEB508}
		{CDEB35AD-74C8-46A3-ADA0-DD026BCDF459} = {4FC95540-FAAE-46CF-9528-76462D7FE68F}
		{CD294036-EF1F-4771-9C39-7350AD1FAB73} = {6B9AEE2D-9B4B-4C93-AD74-755EEF6F5790}
	EndGlobalSection
	GlobalSection(ExtensibilityGlobals) = postSolution
		SolutionGuid = {7E6BD66F-3EFE-4F5D-B657-2C7ACDB304B6}
	EndGlobalSection
EndGlobal
